
Microsoft Visual Studio Solution File, Format Version 12.00
# Visual Studio Version 16
VisualStudioVersion = 16.0.31402.337
MinimumVisualStudioVersion = 10.0.40219.1
Project("{FAE04EC0-301F-11D3-BF4B-00C04F79EFBC}") = "Exercise03", "Exercise03.csproj", "{723F825E-C7C7-4417-B21B-AE4A8A7DCCCF}"
EndProject
Global
	GlobalSection(SolutionConfigurationPlatforms) = preSolution
		Debug|Any CPU = Debug|Any CPU
		Release|Any CPU = Release|Any CPU
	EndGlobalSection
	GlobalSection(ProjectConfigurationPlatforms) = postSolution
		{723F825E-C7C7-4417-B21B-AE4A8A7DCCCF}.Debug|Any CPU.ActiveCfg = Debug|Any CPU
		{723F825E-C7C7-4417-B21B-AE4A8A7DCCCF}.Debug|Any CPU.Build.0 = Debug|Any CPU
		{723F825E-C7C7-4417-B21B-AE4A8A7DCCCF}.Release|Any CPU.ActiveCfg = Release|Any CPU
		{723F825E-C7C7-4417-B21B-AE4A8A7DCCCF}.Release|Any CPU.Build.0 = Release|Any CPU
	EndGlobalSection
	GlobalSection(SolutionProperties) = preSolution
		HideSolutionNode = FALSE
	EndGlobalSection
	GlobalSection(ExtensibilityGlobals) = postSolution
		SolutionGuid = {DDA5C846-F1BF-4CD3-8774-84178252A201}
	EndGlobalSection
EndGlobal
